// !$*UTF8*$!
{
	archiveVersion = 1;
	classes = {
	};
	objectVersion = 46;
	objects = {

/* Begin PBXBuildFile section */
		D3B1E2B11BF7EC4300AFDFD2 /* AppDelegate.swift in Sources */ = {isa = PBXBuildFile; fileRef = D3B1E2B01BF7EC4300AFDFD2 /* AppDelegate.swift */; };
		D3B1E2B31BF7EC4300AFDFD2 /* ViewController.swift in Sources */ = {isa = PBXBuildFile; fileRef = D3B1E2B21BF7EC4300AFDFD2 /* ViewController.swift */; };
		D3B1E2B61BF7EC4300AFDFD2 /* Main.storyboard in Resources */ = {isa = PBXBuildFile; fileRef = D3B1E2B41BF7EC4300AFDFD2 /* Main.storyboard */; };
		D3B1E2B91BF7EC4300AFDFD2 /* Munch.xcdatamodeld in Sources */ = {isa = PBXBuildFile; fileRef = D3B1E2B71BF7EC4300AFDFD2 /* Munch.xcdatamodeld */; };
		D3B1E2BB1BF7EC4300AFDFD2 /* Assets.xcassets in Resources */ = {isa = PBXBuildFile; fileRef = D3B1E2BA1BF7EC4300AFDFD2 /* Assets.xcassets */; };
		D3B1E2BE1BF7EC4300AFDFD2 /* LaunchScreen.storyboard in Resources */ = {isa = PBXBuildFile; fileRef = D3B1E2BC1BF7EC4300AFDFD2 /* LaunchScreen.storyboard */; };
		D3C9228A1C06A48D00D7C416 /* UserClaim+CoreDataProperties.swift in Sources */ = {isa = PBXBuildFile; fileRef = D3C922821C06A48D00D7C416 /* UserClaim+CoreDataProperties.swift */; };
		D3C9228B1C06A48D00D7C416 /* UserClaim.swift in Sources */ = {isa = PBXBuildFile; fileRef = D3C922831C06A48D00D7C416 /* UserClaim.swift */; };
		D3C9228C1C06A48D00D7C416 /* Restaurant+CoreDataProperties.swift in Sources */ = {isa = PBXBuildFile; fileRef = D3C922841C06A48D00D7C416 /* Restaurant+CoreDataProperties.swift */; };
		D3C9228D1C06A48D00D7C416 /* Restaurant.swift in Sources */ = {isa = PBXBuildFile; fileRef = D3C922851C06A48D00D7C416 /* Restaurant.swift */; };
		D3C9228E1C06A48D00D7C416 /* Promotion+CoreDataProperties.swift in Sources */ = {isa = PBXBuildFile; fileRef = D3C922861C06A48D00D7C416 /* Promotion+CoreDataProperties.swift */; };
		D3C9228F1C06A48D00D7C416 /* Promotion.swift in Sources */ = {isa = PBXBuildFile; fileRef = D3C922871C06A48D00D7C416 /* Promotion.swift */; };
		D3C922901C06A48D00D7C416 /* User+CoreDataProperties.swift in Sources */ = {isa = PBXBuildFile; fileRef = D3C922881C06A48D00D7C416 /* User+CoreDataProperties.swift */; };
		D3C922911C06A48D00D7C416 /* User.swift in Sources */ = {isa = PBXBuildFile; fileRef = D3C922891C06A48D00D7C416 /* User.swift */; };
		D3C922931C06A78200D7C416 /* DataHelper.swift in Sources */ = {isa = PBXBuildFile; fileRef = D3C922921C06A78200D7C416 /* DataHelper.swift */; };
		D3C922971C07904800D7C416 /* CoreDataTableViewController.swift in Sources */ = {isa = PBXBuildFile; fileRef = D3C922961C07904800D7C416 /* CoreDataTableViewController.swift */; };
		D3D6A0FE1BFF2290009E2549 /* HomeClaimsTableViewCell.swift in Sources */ = {isa = PBXBuildFile; fileRef = D3D6A0FD1BFF2290009E2549 /* HomeClaimsTableViewCell.swift */; };
		D3D847541C0E803100820ABF /* LinedView.swift in Sources */ = {isa = PBXBuildFile; fileRef = D3D847531C0E803100820ABF /* LinedView.swift */; };
		D3D847561C0E886F00820ABF /* RestaurantClaimsTableViewCell.swift in Sources */ = {isa = PBXBuildFile; fileRef = D3D847551C0E886F00820ABF /* RestaurantClaimsTableViewCell.swift */; };
		F6E70CDA1BFEA7AA00CADA39 /* MainTabBarController.swift in Sources */ = {isa = PBXBuildFile; fileRef = F6E70CD91BFEA7AA00CADA39 /* MainTabBarController.swift */; };
		F6E70CDC1BFEA7F200CADA39 /* HomeTableViewController.swift in Sources */ = {isa = PBXBuildFile; fileRef = F6E70CDB1BFEA7F200CADA39 /* HomeTableViewController.swift */; };
		F6E70CDE1BFEA80D00CADA39 /* ClaimsTableViewController.swift in Sources */ = {isa = PBXBuildFile; fileRef = F6E70CDD1BFEA80D00CADA39 /* ClaimsTableViewController.swift */; };
		F6E70CEF1BFF329900CADA39 /* MainNavigationController.swift in Sources */ = {isa = PBXBuildFile; fileRef = F6E70CEE1BFF329900CADA39 /* MainNavigationController.swift */; };
		F6E70CF11BFF378900CADA39 /* Util.swift in Sources */ = {isa = PBXBuildFile; fileRef = F6E70CF01BFF378900CADA39 /* Util.swift */; };
		F6E70CF71BFF4C5C00CADA39 /* RestaurantTableViewController.swift in Sources */ = {isa = PBXBuildFile; fileRef = F6E70CF61BFF4C5C00CADA39 /* RestaurantTableViewController.swift */; };
/* End PBXBuildFile section */

/* Begin PBXFileReference section */
		D3B1E2AD1BF7EC4300AFDFD2 /* Munch.app */ = {isa = PBXFileReference; explicitFileType = wrapper.application; includeInIndex = 0; path = Munch.app; sourceTree = BUILT_PRODUCTS_DIR; };
		D3B1E2B01BF7EC4300AFDFD2 /* AppDelegate.swift */ = {isa = PBXFileReference; lastKnownFileType = sourcecode.swift; path = AppDelegate.swift; sourceTree = "<group>"; };
		D3B1E2B21BF7EC4300AFDFD2 /* ViewController.swift */ = {isa = PBXFileReference; lastKnownFileType = sourcecode.swift; path = ViewController.swift; sourceTree = "<group>"; };
		D3B1E2B51BF7EC4300AFDFD2 /* Base */ = {isa = PBXFileReference; lastKnownFileType = file.storyboard; name = Base; path = Base.lproj/Main.storyboard; sourceTree = "<group>"; };
		D3B1E2B81BF7EC4300AFDFD2 /* Munch.xcdatamodel */ = {isa = PBXFileReference; lastKnownFileType = wrapper.xcdatamodel; path = Munch.xcdatamodel; sourceTree = "<group>"; };
		D3B1E2BA1BF7EC4300AFDFD2 /* Assets.xcassets */ = {isa = PBXFileReference; lastKnownFileType = folder.assetcatalog; path = Assets.xcassets; sourceTree = "<group>"; };
		D3B1E2BD1BF7EC4300AFDFD2 /* Base */ = {isa = PBXFileReference; lastKnownFileType = file.storyboard; name = Base; path = Base.lproj/LaunchScreen.storyboard; sourceTree = "<group>"; };
		D3B1E2BF1BF7EC4300AFDFD2 /* Info.plist */ = {isa = PBXFileReference; lastKnownFileType = text.plist.xml; path = Info.plist; sourceTree = "<group>"; };
		D3C922821C06A48D00D7C416 /* UserClaim+CoreDataProperties.swift */ = {isa = PBXFileReference; fileEncoding = 4; lastKnownFileType = sourcecode.swift; path = "UserClaim+CoreDataProperties.swift"; sourceTree = "<group>"; };
		D3C922831C06A48D00D7C416 /* UserClaim.swift */ = {isa = PBXFileReference; fileEncoding = 4; lastKnownFileType = sourcecode.swift; path = UserClaim.swift; sourceTree = "<group>"; };
		D3C922841C06A48D00D7C416 /* Restaurant+CoreDataProperties.swift */ = {isa = PBXFileReference; fileEncoding = 4; lastKnownFileType = sourcecode.swift; path = "Restaurant+CoreDataProperties.swift"; sourceTree = "<group>"; };
		D3C922851C06A48D00D7C416 /* Restaurant.swift */ = {isa = PBXFileReference; fileEncoding = 4; lastKnownFileType = sourcecode.swift; path = Restaurant.swift; sourceTree = "<group>"; };
		D3C922861C06A48D00D7C416 /* Promotion+CoreDataProperties.swift */ = {isa = PBXFileReference; fileEncoding = 4; lastKnownFileType = sourcecode.swift; path = "Promotion+CoreDataProperties.swift"; sourceTree = "<group>"; };
		D3C922871C06A48D00D7C416 /* Promotion.swift */ = {isa = PBXFileReference; fileEncoding = 4; lastKnownFileType = sourcecode.swift; path = Promotion.swift; sourceTree = "<group>"; };
		D3C922881C06A48D00D7C416 /* User+CoreDataProperties.swift */ = {isa = PBXFileReference; fileEncoding = 4; lastKnownFileType = sourcecode.swift; path = "User+CoreDataProperties.swift"; sourceTree = "<group>"; };
		D3C922891C06A48D00D7C416 /* User.swift */ = {isa = PBXFileReference; fileEncoding = 4; lastKnownFileType = sourcecode.swift; path = User.swift; sourceTree = "<group>"; };
		D3C922921C06A78200D7C416 /* DataHelper.swift */ = {isa = PBXFileReference; fileEncoding = 4; lastKnownFileType = sourcecode.swift; path = DataHelper.swift; sourceTree = "<group>"; };
		D3C922961C07904800D7C416 /* CoreDataTableViewController.swift */ = {isa = PBXFileReference; fileEncoding = 4; lastKnownFileType = sourcecode.swift; path = CoreDataTableViewController.swift; sourceTree = "<group>"; };
		D3D6A0FD1BFF2290009E2549 /* HomeClaimsTableViewCell.swift */ = {isa = PBXFileReference; fileEncoding = 4; lastKnownFileType = sourcecode.swift; path = HomeClaimsTableViewCell.swift; sourceTree = "<group>"; };
		D3D847531C0E803100820ABF /* LinedView.swift */ = {isa = PBXFileReference; fileEncoding = 4; lastKnownFileType = sourcecode.swift; path = LinedView.swift; sourceTree = "<group>"; };
		D3D847551C0E886F00820ABF /* RestaurantClaimsTableViewCell.swift */ = {isa = PBXFileReference; fileEncoding = 4; lastKnownFileType = sourcecode.swift; path = RestaurantClaimsTableViewCell.swift; sourceTree = "<group>"; };
		F6E70CD91BFEA7AA00CADA39 /* MainTabBarController.swift */ = {isa = PBXFileReference; fileEncoding = 4; lastKnownFileType = sourcecode.swift; path = MainTabBarController.swift; sourceTree = "<group>"; };
		F6E70CDB1BFEA7F200CADA39 /* HomeTableViewController.swift */ = {isa = PBXFileReference; fileEncoding = 4; lastKnownFileType = sourcecode.swift; path = HomeTableViewController.swift; sourceTree = "<group>"; };
		F6E70CDD1BFEA80D00CADA39 /* ClaimsTableViewController.swift */ = {isa = PBXFileReference; fileEncoding = 4; lastKnownFileType = sourcecode.swift; path = ClaimsTableViewController.swift; sourceTree = "<group>"; };
		F6E70CEE1BFF329900CADA39 /* MainNavigationController.swift */ = {isa = PBXFileReference; fileEncoding = 4; lastKnownFileType = sourcecode.swift; path = MainNavigationController.swift; sourceTree = "<group>"; };
		F6E70CF01BFF378900CADA39 /* Util.swift */ = {isa = PBXFileReference; fileEncoding = 4; lastKnownFileType = sourcecode.swift; path = Util.swift; sourceTree = "<group>"; };
		F6E70CF61BFF4C5C00CADA39 /* RestaurantTableViewController.swift */ = {isa = PBXFileReference; fileEncoding = 4; lastKnownFileType = sourcecode.swift; path = RestaurantTableViewController.swift; sourceTree = "<group>"; };
/* End PBXFileReference section */

/* Begin PBXFrameworksBuildPhase section */
		D3B1E2AA1BF7EC4300AFDFD2 /* Frameworks */ = {
			isa = PBXFrameworksBuildPhase;
			buildActionMask = 2147483647;
			files = (
			);
			runOnlyForDeploymentPostprocessing = 0;
		};
/* End PBXFrameworksBuildPhase section */

/* Begin PBXGroup section */
		D3B1E2A41BF7EC4300AFDFD2 = {
			isa = PBXGroup;
			children = (
				D3B1E2AF1BF7EC4300AFDFD2 /* Munch */,
				D3B1E2AE1BF7EC4300AFDFD2 /* Products */,
			);
			sourceTree = "<group>";
		};
		D3B1E2AE1BF7EC4300AFDFD2 /* Products */ = {
			isa = PBXGroup;
			children = (
				D3B1E2AD1BF7EC4300AFDFD2 /* Munch.app */,
			);
			name = Products;
			sourceTree = "<group>";
		};
		D3B1E2AF1BF7EC4300AFDFD2 /* Munch */ = {
			isa = PBXGroup;
			children = (
				D3D847531C0E803100820ABF /* LinedView.swift */,
				D3C922961C07904800D7C416 /* CoreDataTableViewController.swift */,
				D3C922921C06A78200D7C416 /* DataHelper.swift */,
				D3C922821C06A48D00D7C416 /* UserClaim+CoreDataProperties.swift */,
				D3C922831C06A48D00D7C416 /* UserClaim.swift */,
				D3C922841C06A48D00D7C416 /* Restaurant+CoreDataProperties.swift */,
				D3C922851C06A48D00D7C416 /* Restaurant.swift */,
				D3C922861C06A48D00D7C416 /* Promotion+CoreDataProperties.swift */,
				D3D847551C0E886F00820ABF /* RestaurantClaimsTableViewCell.swift */,
				D3C922871C06A48D00D7C416 /* Promotion.swift */,
				D3C922881C06A48D00D7C416 /* User+CoreDataProperties.swift */,
				D3C922891C06A48D00D7C416 /* User.swift */,
				D3B1E2B21BF7EC4300AFDFD2 /* ViewController.swift */,
				D3B1E2B41BF7EC4300AFDFD2 /* Main.storyboard */,
				F6E70CF61BFF4C5C00CADA39 /* RestaurantTableViewController.swift */,
				F6E70CEE1BFF329900CADA39 /* MainNavigationController.swift */,
				D3D6A0FD1BFF2290009E2549 /* HomeClaimsTableViewCell.swift */,
				F6E70CD91BFEA7AA00CADA39 /* MainTabBarController.swift */,
				F6E70CDB1BFEA7F200CADA39 /* HomeTableViewController.swift */,
				F6E70CF01BFF378900CADA39 /* Util.swift */,
				F6E70CDD1BFEA80D00CADA39 /* ClaimsTableViewController.swift */,
				D3B1E2B71BF7EC4300AFDFD2 /* Munch.xcdatamodeld */,
				D3B1E2C51BF7EC5F00AFDFD2 /* Supporting Files */,
			);
			path = Munch;
			sourceTree = "<group>";
		};
		D3B1E2C51BF7EC5F00AFDFD2 /* Supporting Files */ = {
			isa = PBXGroup;
			children = (
				D3B1E2B01BF7EC4300AFDFD2 /* AppDelegate.swift */,
				D3B1E2BA1BF7EC4300AFDFD2 /* Assets.xcassets */,
				D3B1E2BC1BF7EC4300AFDFD2 /* LaunchScreen.storyboard */,
				D3B1E2BF1BF7EC4300AFDFD2 /* Info.plist */,
			);
			name = "Supporting Files";
			sourceTree = "<group>";
		};
/* End PBXGroup section */

/* Begin PBXNativeTarget section */
		D3B1E2AC1BF7EC4300AFDFD2 /* Munch */ = {
			isa = PBXNativeTarget;
			buildConfigurationList = D3B1E2C21BF7EC4300AFDFD2 /* Build configuration list for PBXNativeTarget "Munch" */;
			buildPhases = (
				D3B1E2A91BF7EC4300AFDFD2 /* Sources */,
				D3B1E2AA1BF7EC4300AFDFD2 /* Frameworks */,
				D3B1E2AB1BF7EC4300AFDFD2 /* Resources */,
			);
			buildRules = (
			);
			dependencies = (
			);
			name = Munch;
			productName = Munch;
			productReference = D3B1E2AD1BF7EC4300AFDFD2 /* Munch.app */;
			productType = "com.apple.product-type.application";
		};
/* End PBXNativeTarget section */

/* Begin PBXProject section */
		D3B1E2A51BF7EC4300AFDFD2 /* Project object */ = {
			isa = PBXProject;
			attributes = {
				LastSwiftUpdateCheck = 0710;
				LastUpgradeCheck = 0710;
				ORGANIZATIONNAME = "Stanford University";
				TargetAttributes = {
					D3B1E2AC1BF7EC4300AFDFD2 = {
						CreatedOnToolsVersion = 7.1.1;
						DevelopmentTeam = JKTF3LYPY3;
					};
				};
			};
			buildConfigurationList = D3B1E2A81BF7EC4300AFDFD2 /* Build configuration list for PBXProject "Munch" */;
			compatibilityVersion = "Xcode 3.2";
			developmentRegion = English;
			hasScannedForEncodings = 0;
			knownRegions = (
				en,
				Base,
			);
			mainGroup = D3B1E2A41BF7EC4300AFDFD2;
			productRefGroup = D3B1E2AE1BF7EC4300AFDFD2 /* Products */;
			projectDirPath = "";
			projectRoot = "";
			targets = (
				D3B1E2AC1BF7EC4300AFDFD2 /* Munch */,
			);
		};
/* End PBXProject section */

/* Begin PBXResourcesBuildPhase section */
		D3B1E2AB1BF7EC4300AFDFD2 /* Resources */ = {
			isa = PBXResourcesBuildPhase;
			buildActionMask = 2147483647;
			files = (
				D3B1E2BE1BF7EC4300AFDFD2 /* LaunchScreen.storyboard in Resources */,
				D3B1E2BB1BF7EC4300AFDFD2 /* Assets.xcassets in Resources */,
				D3B1E2B61BF7EC4300AFDFD2 /* Main.storyboard in Resources */,
			);
			runOnlyForDeploymentPostprocessing = 0;
		};
/* End PBXResourcesBuildPhase section */

/* Begin PBXSourcesBuildPhase section */
		D3B1E2A91BF7EC4300AFDFD2 /* Sources */ = {
			isa = PBXSourcesBuildPhase;
			buildActionMask = 2147483647;
			files = (
				D3B1E2B31BF7EC4300AFDFD2 /* ViewController.swift in Sources */,
				D3C9228F1C06A48D00D7C416 /* Promotion.swift in Sources */,
				D3C922931C06A78200D7C416 /* DataHelper.swift in Sources */,
				D3C9228A1C06A48D00D7C416 /* UserClaim+CoreDataProperties.swift in Sources */,
				D3B1E2B11BF7EC4300AFDFD2 /* AppDelegate.swift in Sources */,
				F6E70CF71BFF4C5C00CADA39 /* RestaurantTableViewController.swift in Sources */,
				F6E70CDE1BFEA80D00CADA39 /* ClaimsTableViewController.swift in Sources */,
				F6E70CF11BFF378900CADA39 /* Util.swift in Sources */,
				D3D6A0FE1BFF2290009E2549 /* HomeClaimsTableViewCell.swift in Sources */,
				D3D847541C0E803100820ABF /* LinedView.swift in Sources */,
				F6E70CDA1BFEA7AA00CADA39 /* MainTabBarController.swift in Sources */,
				F6E70CEF1BFF329900CADA39 /* MainNavigationController.swift in Sources */,
				D3C9228C1C06A48D00D7C416 /* Restaurant+CoreDataProperties.swift in Sources */,
				D3C9228D1C06A48D00D7C416 /* Restaurant.swift in Sources */,
				D3B1E2B91BF7EC4300AFDFD2 /* Munch.xcdatamodeld in Sources */,
				D3C922901C06A48D00D7C416 /* User+CoreDataProperties.swift in Sources */,
				D3C922911C06A48D00D7C416 /* User.swift in Sources */,
				D3D847561C0E886F00820ABF /* RestaurantClaimsTableViewCell.swift in Sources */,
				D3C9228E1C06A48D00D7C416 /* Promotion+CoreDataProperties.swift in Sources */,
				F6E70CDC1BFEA7F200CADA39 /* HomeTableViewController.swift in Sources */,
				D3C922971C07904800D7C416 /* CoreDataTableViewController.swift in Sources */,
				D3C9228B1C06A48D00D7C416 /* UserClaim.swift in Sources */,
			);
			runOnlyForDeploymentPostprocessing = 0;
		};
/* End PBXSourcesBuildPhase section */

/* Begin PBXVariantGroup section */
		D3B1E2B41BF7EC4300AFDFD2 /* Main.storyboard */ = {
			isa = PBXVariantGroup;
			children = (
				D3B1E2B51BF7EC4300AFDFD2 /* Base */,
			);
			name = Main.storyboard;
			sourceTree = "<group>";
		};
		D3B1E2BC1BF7EC4300AFDFD2 /* LaunchScreen.storyboard */ = {
			isa = PBXVariantGroup;
			children = (
				D3B1E2BD1BF7EC4300AFDFD2 /* Base */,
			);
			name = LaunchScreen.storyboard;
			sourceTree = "<group>";
		};
/* End PBXVariantGroup section */

/* Begin XCBuildConfiguration section */
		D3B1E2C01BF7EC4300AFDFD2 /* Debug */ = {
			isa = XCBuildConfiguration;
			buildSettings = {
				ALWAYS_SEARCH_USER_PATHS = NO;
				CLANG_CXX_LANGUAGE_STANDARD = "gnu++0x";
				CLANG_CXX_LIBRARY = "libc++";
				CLANG_ENABLE_MODULES = YES;
				CLANG_ENABLE_OBJC_ARC = YES;
				CLANG_WARN_BOOL_CONVERSION = YES;
				CLANG_WARN_CONSTANT_CONVERSION = YES;
				CLANG_WARN_DIRECT_OBJC_ISA_USAGE = YES_ERROR;
				CLANG_WARN_EMPTY_BODY = YES;
				CLANG_WARN_ENUM_CONVERSION = YES;
				CLANG_WARN_INT_CONVERSION = YES;
				CLANG_WARN_OBJC_ROOT_CLASS = YES_ERROR;
				CLANG_WARN_UNREACHABLE_CODE = YES;
				CLANG_WARN__DUPLICATE_METHOD_MATCH = YES;
				"CODE_SIGN_IDENTITY[sdk=iphoneos*]" = "iPhone Developer";
				COPY_PHASE_STRIP = NO;
				DEBUG_INFORMATION_FORMAT = dwarf;
				ENABLE_STRICT_OBJC_MSGSEND = YES;
				ENABLE_TESTABILITY = YES;
				GCC_C_LANGUAGE_STANDARD = gnu99;
				GCC_DYNAMIC_NO_PIC = NO;
				GCC_NO_COMMON_BLOCKS = YES;
				GCC_OPTIMIZATION_LEVEL = 0;
				GCC_PREPROCESSOR_DEFINITIONS = (
					"DEBUG=1",
					"$(inherited)",
				);
				GCC_WARN_64_TO_32_BIT_CONVERSION = YES;
				GCC_WARN_ABOUT_RETURN_TYPE = YES_ERROR;
				GCC_WARN_UNDECLARED_SELECTOR = YES;
				GCC_WARN_UNINITIALIZED_AUTOS = YES_AGGRESSIVE;
				GCC_WARN_UNUSED_FUNCTION = YES;
				GCC_WARN_UNUSED_VARIABLE = YES;
				IPHONEOS_DEPLOYMENT_TARGET = 9.1;
				MTL_ENABLE_DEBUG_INFO = YES;
				ONLY_ACTIVE_ARCH = YES;
				SDKROOT = iphoneos;
				SWIFT_OPTIMIZATION_LEVEL = "-Onone";
				TARGETED_DEVICE_FAMILY = "1,2";
			};
			name = Debug;
		};
		D3B1E2C11BF7EC4300AFDFD2 /* Release */ = {
			isa = XCBuildConfiguration;
			buildSettings = {
				ALWAYS_SEARCH_USER_PATHS = NO;
				CLANG_CXX_LANGUAGE_STANDARD = "gnu++0x";
				CLANG_CXX_LIBRARY = "libc++";
				CLANG_ENABLE_MODULES = YES;
				CLANG_ENABLE_OBJC_ARC = YES;
				CLANG_WARN_BOOL_CONVERSION = YES;
				CLANG_WARN_CONSTANT_CONVERSION = YES;
				CLANG_WARN_DIRECT_OBJC_ISA_USAGE = YES_ERROR;
				CLANG_WARN_EMPTY_BODY = YES;
				CLANG_WARN_ENUM_CONVERSION = YES;
				CLANG_WARN_INT_CONVERSION = YES;
				CLANG_WARN_OBJC_ROOT_CLASS = YES_ERROR;
				CLANG_WARN_UNREACHABLE_CODE = YES;
				CLANG_WARN__DUPLICATE_METHOD_MATCH = YES;
				"CODE_SIGN_IDENTITY[sdk=iphoneos*]" = "iPhone Developer";
				COPY_PHASE_STRIP = NO;
				DEBUG_INFORMATION_FORMAT = "dwarf-with-dsym";
				ENABLE_NS_ASSERTIONS = NO;
				ENABLE_STRICT_OBJC_MSGSEND = YES;
				GCC_C_LANGUAGE_STANDARD = gnu99;
				GCC_NO_COMMON_BLOCKS = YES;
				GCC_WARN_64_TO_32_BIT_CONVERSION = YES;
				GCC_WARN_ABOUT_RETURN_TYPE = YES_ERROR;
				GCC_WARN_UNDECLARED_SELECTOR = YES;
				GCC_WARN_UNINITIALIZED_AUTOS = YES_AGGRESSIVE;
				GCC_WARN_UNUSED_FUNCTION = YES;
				GCC_WARN_UNUSED_VARIABLE = YES;
				IPHONEOS_DEPLOYMENT_TARGET = 9.1;
				MTL_ENABLE_DEBUG_INFO = NO;
				SDKROOT = iphoneos;
				TARGETED_DEVICE_FAMILY = "1,2";
				VALIDATE_PRODUCT = YES;
			};
			name = Release;
		};
		D3B1E2C31BF7EC4300AFDFD2 /* Debug */ = {
			isa = XCBuildConfiguration;
			buildSettings = {
				ASSETCATALOG_COMPILER_APPICON_NAME = AppIcon;
				INFOPLIST_FILE = Munch/Info.plist;
				LD_RUNPATH_SEARCH_PATHS = "$(inherited) @executable_path/Frameworks";
				PRODUCT_BUNDLE_IDENTIFIER = edu.stanford.cs193p.ginzberg.Munch;
				PRODUCT_NAME = "$(TARGET_NAME)";
			};
			name = Debug;
		};
		D3B1E2C41BF7EC4300AFDFD2 /* Release */ = {
			isa = XCBuildConfiguration;
			buildSettings = {
				ASSETCATALOG_COMPILER_APPICON_NAME = AppIcon;
				INFOPLIST_FILE = Munch/Info.plist;
				LD_RUNPATH_SEARCH_PATHS = "$(inherited) @executable_path/Frameworks";
				PRODUCT_BUNDLE_IDENTIFIER = edu.stanford.cs193p.ginzberg.Munch;
				PRODUCT_NAME = "$(TARGET_NAME)";
			};
			name = Release;
		};
/* End XCBuildConfiguration section */

/* Begin XCConfigurationList section */
		D3B1E2A81BF7EC4300AFDFD2 /* Build configuration list for PBXProject "Munch" */ = {
			isa = XCConfigurationList;
			buildConfigurations = (
				D3B1E2C01BF7EC4300AFDFD2 /* Debug */,
				D3B1E2C11BF7EC4300AFDFD2 /* Release */,
			);
			defaultConfigurationIsVisible = 0;
			defaultConfigurationName = Release;
		};
		D3B1E2C21BF7EC4300AFDFD2 /* Build configuration list for PBXNativeTarget "Munch" */ = {
			isa = XCConfigurationList;
			buildConfigurations = (
				D3B1E2C31BF7EC4300AFDFD2 /* Debug */,
				D3B1E2C41BF7EC4300AFDFD2 /* Release */,
			);
			defaultConfigurationIsVisible = 0;
			defaultConfigurationName = Release;
		};
/* End XCConfigurationList section */

/* Begin XCVersionGroup section */
		D3B1E2B71BF7EC4300AFDFD2 /* Munch.xcdatamodeld */ = {
			isa = XCVersionGroup;
			children = (
				D3B1E2B81BF7EC4300AFDFD2 /* Munch.xcdatamodel */,
			);
			currentVersion = D3B1E2B81BF7EC4300AFDFD2 /* Munch.xcdatamodel */;
			path = Munch.xcdatamodeld;
			sourceTree = "<group>";
			versionGroupType = wrapper.xcdatamodel;
		};
/* End XCVersionGroup section */
	};
	rootObject = D3B1E2A51BF7EC4300AFDFD2 /* Project object */;
}
